
Microsoft Visual Studio Solution File, Format Version 12.00
# Visual Studio Version 17
VisualStudioVersion = 17.5.002.0
MinimumVisualStudioVersion = 10.0.40219.1
Project("{2150E333-8FDC-42A3-9474-1A3956D46DE8}") = "src", "src", "{1CA5BF89-22BA-427A-BE41-F54C15DF0AF0}"
EndProject
Project("{9A19103F-16F7-4668-BE54-9A1E7A4F7556}") = "App", "src\algoritma\App.csproj", "{887B0F72-00C7-47BB-AA79-6DFA3F407B84}"
EndProject
Global
	GlobalSection(SolutionConfigurationPlatforms) = preSolution
		Debug|Any CPU = Debug|Any CPU
		Release|Any CPU = Release|Any CPU
	EndGlobalSection
	GlobalSection(ProjectConfigurationPlatforms) = postSolution
		{887B0F72-00C7-47BB-AA79-6DFA3F407B84}.Debug|Any CPU.ActiveCfg = Debug|Any CPU
		{887B0F72-00C7-47BB-AA79-6DFA3F407B84}.Debug|Any CPU.Build.0 = Debug|Any CPU
		{887B0F72-00C7-47BB-AA79-6DFA3F407B84}.Release|Any CPU.ActiveCfg = Release|Any CPU
		{887B0F72-00C7-47BB-AA79-6DFA3F407B84}.Release|Any CPU.Build.0 = Release|Any CPU
	EndGlobalSection
	GlobalSection(SolutionProperties) = preSolution
		HideSolutionNode = FALSE
	EndGlobalSection
	GlobalSection(NestedProjects) = preSolution
		{887B0F72-00C7-47BB-AA79-6DFA3F407B84} = {1CA5BF89-22BA-427A-BE41-F54C15DF0AF0}
	EndGlobalSection
	GlobalSection(ExtensibilityGlobals) = postSolution
		SolutionGuid = {D32D5CA3-C939-49D3-8BB5-AA1B8A179CB2}
	EndGlobalSection
EndGlobal
